
Microsoft Visual Studio Solution File, Format Version 12.00
# Visual Studio Version 16
VisualStudioVersion = 16.0.31613.86
MinimumVisualStudioVersion = 10.0.40219.1
Project("{FAE04EC0-301F-11D3-BF4B-00C04F79EFBC}") = "testeJSL", "testeJSL\testeJSL.csproj", "{1CEE1722-4466-429A-8253-F5FFFEA5D4DD}"
EndProject
Project("{FAE04EC0-301F-11D3-BF4B-00C04F79EFBC}") = "testeJSL.BLL", "testeJSL.BLL\testeJSL.BLL.csproj", "{59689D5C-C61B-42FE-AF7B-8E369D829BB6}"
EndProject
Project("{FAE04EC0-301F-11D3-BF4B-00C04F79EFBC}") = "testeJSL.DAL", "testeJSL.DAL\testeJSL.DAL.csproj", "{C7B4049E-8713-4647-BF88-0FB4F0E89E0F}"
EndProject
Global
	GlobalSection(SolutionConfigurationPlatforms) = preSolution
		Debug|Any CPU = Debug|Any CPU
		Release|Any CPU = Release|Any CPU
	EndGlobalSection
	GlobalSection(ProjectConfigurationPlatforms) = postSolution
		{1CEE1722-4466-429A-8253-F5FFFEA5D4DD}.Debug|Any CPU.ActiveCfg = Debug|Any CPU
		{1CEE1722-4466-429A-8253-F5FFFEA5D4DD}.Debug|Any CPU.Build.0 = Debug|Any CPU
		{1CEE1722-4466-429A-8253-F5FFFEA5D4DD}.Release|Any CPU.ActiveCfg = Release|Any CPU
		{1CEE1722-4466-429A-8253-F5FFFEA5D4DD}.Release|Any CPU.Build.0 = Release|Any CPU
		{59689D5C-C61B-42FE-AF7B-8E369D829BB6}.Debug|Any CPU.ActiveCfg = Debug|Any CPU
		{59689D5C-C61B-42FE-AF7B-8E369D829BB6}.Debug|Any CPU.Build.0 = Debug|Any CPU
		{59689D5C-C61B-42FE-AF7B-8E369D829BB6}.Release|Any CPU.ActiveCfg = Release|Any CPU
		{59689D5C-C61B-42FE-AF7B-8E369D829BB6}.Release|Any CPU.Build.0 = Release|Any CPU
		{C7B4049E-8713-4647-BF88-0FB4F0E89E0F}.Debug|Any CPU.ActiveCfg = Debug|Any CPU
		{C7B4049E-8713-4647-BF88-0FB4F0E89E0F}.Debug|Any CPU.Build.0 = Debug|Any CPU
		{C7B4049E-8713-4647-BF88-0FB4F0E89E0F}.Release|Any CPU.ActiveCfg = Release|Any CPU
		{C7B4049E-8713-4647-BF88-0FB4F0E89E0F}.Release|Any CPU.Build.0 = Release|Any CPU
	EndGlobalSection
	GlobalSection(SolutionProperties) = preSolution
		HideSolutionNode = FALSE
	EndGlobalSection
	GlobalSection(ExtensibilityGlobals) = postSolution
		SolutionGuid = {51C7EB9F-C20A-4B83-9585-2172B11E0A62}
	EndGlobalSection
EndGlobal
